{
  "name": "opaladmin",
  "lockfileVersion": 3,
  "requires": true,
  "packages": {
    "": {
      "name": "opaladmin",
      "license": "AGPL-3.0-or-later",
      "dependencies": {
        "@fontsource/nunito": "5.2.7",
        "angular": "1.8.3",
        "angular-animate": "1.8.3",
        "angular-cookies": "1.8.3",
        "angular-route": "1.8.3",
        "angular-sanitize": "1.8.3",
        "angular-translate": "2.19.1",
        "angular-translate-loader-static-files": "2.19.1",
        "angular-translate-loader-url": "2.19.1",
        "angular-ui-bootstrap": "2.5.6",
        "angular-ui-grid": "4.12.7",
        "angular-ui-router": "1.1.2",
        "angularjs-dropdown-multiselect": "2.0.0-beta.10",
        "animate.css": "3.7.2",
        "bootstrap": "3.4.1",
        "crypto-js": "4.2.0",
        "eonasdan-bootstrap-datetimepicker": "4.17.49",
        "font-awesome": "4.7.0",
        "jquery": "3.7.1",
        "marked": "15.0.12",
        "moment": "2.30.1",
        "moment-timezone": "0.6.0",
        "multiple-date-picker": "2.1.6",
        "ng-idle": "1.3.2",
        "requirejs": "2.3.8",
        "textangularjs": "2.1.2"
      }
    },
    "node_modules/@fontsource/nunito": {
      "version": "5.2.7",
      "resolved": "https://registry.npmjs.org/@fontsource/nunito/-/nunito-5.2.7.tgz",
      "integrity": "sha512-pmtBq0H9ex9nk+RtJYEJOD9pag393iHETnl/PVKleF4i06cd0ttngK5ZCTgYb5eOqR3Xdlrjtev8m7bmgYprew==",
      "license": "OFL-1.1",
      "funding": {
        "url": "https://github.com/sponsors/ayuhito"
      }
    },
    "node_modules/@uirouter/core": {
      "version": "6.1.2",
      "resolved": "https://registry.npmjs.org/@uirouter/core/-/core-6.1.2.tgz",
      "integrity": "sha512-pYcg+cxVd9E9poC7AJf7ZrlQQrwAV6KVkiPvlbLJX5km+pBWrUOGQhdd87oIGc7/5iVQ7qSiAdl9QD+l55yegg==",
      "license": "MIT",
      "peer": true,
      "engines": {
        "node": ">=4.0.0"
      }
    },
    "node_modules/angular": {
      "version": "1.8.3",
      "resolved": "https://registry.npmjs.org/angular/-/angular-1.8.3.tgz",
      "integrity": "sha512-5qjkWIQQVsHj4Sb5TcEs4WZWpFeVFHXwxEBHUhrny41D8UrBAd6T/6nPPAsLngJCReIOqi95W3mxdveveutpZw==",
      "deprecated": "For the actively supported Angular, see https://www.npmjs.com/package/@angular/core. AngularJS support has officially ended. For extended AngularJS support options, see https://goo.gle/angularjs-path-forward.",
      "license": "MIT",
      "peer": true
    },
    "node_modules/angular-animate": {
      "version": "1.8.3",
      "resolved": "https://registry.npmjs.org/angular-animate/-/angular-animate-1.8.3.tgz",
      "integrity": "sha512-/LtTKvy5sD6MZbV0v+nHgOIpnFF0mrUp+j5WIxVprVhcrJriYpuCZf4S7Owj1o76De/J0eRzANUozNJ6hVepnQ==",
      "deprecated": "For the actively supported Angular, see https://www.npmjs.com/package/@angular/core. AngularJS support has officially ended. For extended AngularJS support options, see https://goo.gle/angularjs-path-forward.",
      "license": "MIT"
    },
    "node_modules/angular-cookies": {
      "version": "1.8.3",
      "resolved": "https://registry.npmjs.org/angular-cookies/-/angular-cookies-1.8.3.tgz",
      "integrity": "sha512-uRd+zWgqiVnly7+YFRosM8E9tUQeY82dAZdtvonh/CeD/sf5SKN/BNIlMlHxZtoAk72ahTIjqUQGfeHdYcSsRQ==",
      "deprecated": "For the actively supported Angular, see https://www.npmjs.com/package/@angular/core. AngularJS support has officially ended. For extended AngularJS support options, see https://goo.gle/angularjs-path-forward.",
      "license": "MIT"
    },
    "node_modules/angular-route": {
      "version": "1.8.3",
      "resolved": "https://registry.npmjs.org/angular-route/-/angular-route-1.8.3.tgz",
      "integrity": "sha512-kpIcRmDR2+o1FxDVVYy8Rvfab86/7LDbOgTRb9T+X9ewPQiBRuDEnZtM3oJYBiQLvAXDYTJXHV48n/bGE9Mv2g==",
      "deprecated": "For the actively supported Angular, see https://www.npmjs.com/package/@angular/core. AngularJS support has officially ended. For extended AngularJS support options, see https://goo.gle/angularjs-path-forward.",
      "license": "MIT"
    },
    "node_modules/angular-sanitize": {
      "version": "1.8.3",
      "resolved": "https://registry.npmjs.org/angular-sanitize/-/angular-sanitize-1.8.3.tgz",
      "integrity": "sha512-2rxdqzlUVafUeWOwvY/FtyWk1pFTyCtzreeiTytG9m4smpuAEKaIJAjYeVwWsoV+nlTOcgpwV4W1OCmR+BQbUg==",
      "deprecated": "For the actively supported Angular, see https://www.npmjs.com/package/@angular/core. AngularJS support has officially ended. For extended AngularJS support options, see https://goo.gle/angularjs-path-forward.",
      "license": "MIT"
    },
    "node_modules/angular-translate": {
      "version": "2.19.1",
      "resolved": "https://registry.npmjs.org/angular-translate/-/angular-translate-2.19.1.tgz",
      "integrity": "sha512-SrU40ndnL422vXiVoqVveCmSnCzMcIXxQgnl7Cv9krOKUg6B8KZK3ddYzidHR/rxVuySezYHNDgRvzQNKwAdNQ==",
      "deprecated": "Package no longer supported. Contact Support at https://www.npmjs.com/support for more info.",
      "license": "MIT",
      "dependencies": {
        "angular": "^1.8.0"
      },
      "engines": {
        "node": "*"
      }
    },
    "node_modules/angular-translate-loader-static-files": {
      "version": "2.19.1",
      "resolved": "https://registry.npmjs.org/angular-translate-loader-static-files/-/angular-translate-loader-static-files-2.19.1.tgz",
      "integrity": "sha512-gw4rps7lMaddrouhRUZh4GcWMKL52zzYbW/5YATfpoSrk8B+jxP8Q0BpmCBmXg79gvPsSQvt2DI/ygN91x7z0g==",
      "deprecated": "Package no longer supported. Contact Support at https://www.npmjs.com/support for more info.",
      "license": "MIT",
      "dependencies": {
        "angular-translate": "~2.19.1"
      }
    },
    "node_modules/angular-translate-loader-url": {
      "version": "2.19.1",
      "resolved": "https://registry.npmjs.org/angular-translate-loader-url/-/angular-translate-loader-url-2.19.1.tgz",
      "integrity": "sha512-tHU4HcqdlIp97wlloc++8aGFYognbpZ2C0Ip9AL2ngEYkpwnQeYwAf4iTcFW+++Jzw6TGoYo+31n0rvhVdaCsg==",
      "deprecated": "Package no longer supported. Contact Support at https://www.npmjs.com/support for more info.",
      "license": "MIT",
      "dependencies": {
        "angular-translate": "~2.19.1"
      }
    },
    "node_modules/angular-ui-bootstrap": {
      "version": "2.5.6",
      "resolved": "https://registry.npmjs.org/angular-ui-bootstrap/-/angular-ui-bootstrap-2.5.6.tgz",
      "integrity": "sha512-yzcHpPMLQl0232nDzm5P4iAFTFQ9dMw0QgFLuKYbDj9M0xJ62z0oudYD/Lvh1pWfRsukiytP4Xj6BHOSrSXP8A==",
      "license": "MIT"
    },
    "node_modules/angular-ui-grid": {
      "version": "4.12.7",
      "resolved": "https://registry.npmjs.org/angular-ui-grid/-/angular-ui-grid-4.12.7.tgz",
      "integrity": "sha512-l00dhM2/48xfnPcIaQZgxVoK4oAVA2erxHjjYke8Xli0Q06VYf/LJ41SQfNp3tGk7NCk2mBdSFD2GXfHakXHlA==",
      "license": "MIT",
      "dependencies": {
        "angular": ">=1.4.0"
      }
    },
    "node_modules/angular-ui-router": {
      "version": "1.1.2",
      "resolved": "https://registry.npmjs.org/angular-ui-router/-/angular-ui-router-1.1.2.tgz",
      "integrity": "sha512-82O/ZbyCtljAYWmaD8P6BIABRjbKWAz6S2DNLzFX9R1++GBIhY6wMHRLttEEx1rfml7iKu7RXlzQWAuCok0tUg==",
      "license": "MIT",
      "engines": {
        "node": ">=4.0.0"
      },
      "peerDependencies": {
        "@uirouter/core": "^6.1.2",
        "angular": ">=1.2.0"
      }
    },
    "node_modules/angularjs-dropdown-multiselect": {
      "version": "2.0.0-beta.10",
      "resolved": "https://registry.npmjs.org/angularjs-dropdown-multiselect/-/angularjs-dropdown-multiselect-2.0.0-beta.10.tgz",
      "integrity": "sha512-dZosCLW0xO4s/yjGGShlBje/R+gPFjs5XO18XL6TujHSGr/Sq6I6snu28E5fLqdgGxYVfQn/yEXlM2n8QnM89Q==",
      "license": "MIT",
      "dependencies": {
        "angular": "~1"
      },
      "engines": {
        "node": ">=0.10.10"
      }
    },
    "node_modules/animate.css": {
      "version": "3.7.2",
      "resolved": "https://registry.npmjs.org/animate.css/-/animate.css-3.7.2.tgz",
      "integrity": "sha512-0bE8zYo7C0KvgOYrSVfrzkbYk6IOTVPNqkiHg2cbyF4Pq/PXzilz4BRWA3hwEUBoMp5VBgrC29lQIZyhRWdBTw==",
      "license": "MIT"
    },
    "node_modules/bootstrap": {
      "version": "3.4.1",
      "resolved": "https://registry.npmjs.org/bootstrap/-/bootstrap-3.4.1.tgz",
      "integrity": "sha512-yN5oZVmRCwe5aKwzRj6736nSmKDX7pLYwsXiCj/EYmo16hODaBiT4En5btW/jhBF/seV+XMx3aYwukYC3A49DA==",
      "deprecated": "This version of Bootstrap is no longer supported. Please upgrade to the latest version.",
      "license": "MIT",
      "engines": {
        "node": ">=6"
      }
    },
    "node_modules/crypto-js": {
      "version": "4.2.0",
      "resolved": "https://registry.npmjs.org/crypto-js/-/crypto-js-4.2.0.tgz",
      "integrity": "sha512-KALDyEYgpY+Rlob/iriUtjV6d5Eq+Y191A5g4UqLAi8CyGP9N1+FdVbkc1SxKc2r4YAYqG8JzO2KGL+AizD70Q==",
      "license": "MIT"
    },
    "node_modules/eonasdan-bootstrap-datetimepicker": {
      "version": "4.17.49",
      "resolved": "https://registry.npmjs.org/eonasdan-bootstrap-datetimepicker/-/eonasdan-bootstrap-datetimepicker-4.17.49.tgz",
      "integrity": "sha512-7KZeDpkj+A6AtPR3XjX8gAnRPUkPSfW0OmMANG1dkUOPMtLSzbyoCjDIdEcfRtQPU5X0D9Gob7wWKn0h4QWy7A==",
      "license": "MIT",
      "dependencies": {
        "bootstrap": "^3.3",
        "jquery": "^3.5.1",
        "moment": "^2.10",
        "moment-timezone": "^0.4.0"
      },
      "peerDependencies": {
        "bootstrap": "^3.3",
        "jquery": "^1.8.3 || ^2.0 || ^3.0",
        "moment": "^2.10",
        "moment-timezone": "^0.4.0 || ^0.5.0"
      }
    },
    "node_modules/eonasdan-bootstrap-datetimepicker/node_modules/moment-timezone": {
      "version": "0.4.1",
      "resolved": "https://registry.npmjs.org/moment-timezone/-/moment-timezone-0.4.1.tgz",
      "integrity": "sha512-5cNPVUwaVJDCe9JM8m/qz17f9SkaI8rpnRUyDJi2K5HAd6EwhuQ3n5nLclZkNC/qJnomKgQH2TIu70Gy2dxFKA==",
      "license": "MIT",
      "dependencies": {
        "moment": ">= 2.6.0"
      },
      "engines": {
        "node": "*"
      }
    },
    "node_modules/font-awesome": {
      "version": "4.7.0",
      "resolved": "https://registry.npmjs.org/font-awesome/-/font-awesome-4.7.0.tgz",
      "integrity": "sha512-U6kGnykA/6bFmg1M/oT9EkFeIYv7JlX3bozwQJWiiLz6L0w3F5vBVPxHlwyX/vtNq1ckcpRKOB9f2Qal/VtFpg==",
      "license": "(OFL-1.1 AND MIT)",
      "engines": {
        "node": ">=0.10.3"
      }
    },
    "node_modules/jquery": {
      "version": "3.7.1",
      "resolved": "https://registry.npmjs.org/jquery/-/jquery-3.7.1.tgz",
      "integrity": "sha512-m4avr8yL8kmFN8psrbFFFmB/If14iN5o9nw/NgnnM+kybDJpRsAynV2BsfpTYrTRysYUdADVD7CkUUizgkpLfg==",
      "license": "MIT"
    },
    "node_modules/marked": {
      "version": "15.0.12",
      "resolved": "https://registry.npmjs.org/marked/-/marked-15.0.12.tgz",
      "integrity": "sha512-8dD6FusOQSrpv9Z1rdNMdlSgQOIP880DHqnohobOmYLElGEqAL/JvxvuxZO16r4HtjTlfPRDC1hbvxC9dPN2nA==",
      "license": "MIT",
      "bin": {
        "marked": "bin/marked.js"
      },
      "engines": {
        "node": ">= 18"
      }
    },
    "node_modules/moment": {
      "version": "2.30.1",
      "resolved": "https://registry.npmjs.org/moment/-/moment-2.30.1.tgz",
      "integrity": "sha512-uEmtNhbDOrWPFS+hdjFCBfy9f2YoyzRpwcl+DqpC6taX21FzsTLQVbMV/W7PzNSX6x/bhC1zA3c2UQ5NzH6how==",
      "license": "MIT",
      "engines": {
        "node": "*"
      }
    },
    "node_modules/moment-timezone": {
      "version": "0.6.0",
      "resolved": "https://registry.npmjs.org/moment-timezone/-/moment-timezone-0.6.0.tgz",
      "integrity": "sha512-ldA5lRNm3iJCWZcBCab4pnNL3HSZYXVb/3TYr75/1WCTWYuTqYUb5f/S384pncYjJ88lbO8Z4uPDvmoluHJc8Q==",
      "license": "MIT",
      "dependencies": {
        "moment": "^2.29.4"
      },
      "engines": {
        "node": "*"
      }
    },
    "node_modules/multiple-date-picker": {
      "version": "2.1.6",
      "resolved": "https://registry.npmjs.org/multiple-date-picker/-/multiple-date-picker-2.1.6.tgz",
      "integrity": "sha512-oVe/P1AALGf82DInWYl087y1N49upn0pZdwGXYcJ8Be0YBwxWI/97QDbjxSyBDZK28ikbxetT8r+vbAM6sn3hg==",
      "dependencies": {
        "angular": "^1.X.X",
        "moment": "^2.X.X"
      },
      "engines": {
        "node": ">=0.10.0"
      }
    },
    "node_modules/ng-idle": {
      "version": "1.3.2",
      "resolved": "https://registry.npmjs.org/ng-idle/-/ng-idle-1.3.2.tgz",
      "integrity": "sha512-2rdaFiZpvZGbx900p0YECRGMU6+VuntgK8nWEaOAo5l/Q5xgCfzEmMnCrO5Tewoh8xMSqdqVccr9DFzOqG5MRg==",
      "license": "MIT",
      "dependencies": {
        "angular": "^1.2.0"
      }
    },
    "node_modules/rangy": {
      "version": "1.3.2",
      "resolved": "https://registry.npmjs.org/rangy/-/rangy-1.3.2.tgz",
      "integrity": "sha512-fS1C4MOyk8T+ZJZdLcgrukPWxkyDXa+Hd2Kj+Zg4wIK71yrWgmjzHubzPMY1G+WD9EgGxMp3fIL0zQ1ickmSWA=="
    },
    "node_modules/requirejs": {
      "version": "2.3.8",
      "resolved": "https://registry.npmjs.org/requirejs/-/requirejs-2.3.8.tgz",
      "integrity": "sha512-7/cTSLOdYkNBNJcDMWf+luFvMriVm7eYxp4BcFCsAX0wF421Vyce5SXP17c+Jd5otXKGNehIonFlyQXSowL6Mw==",
      "license": "MIT",
      "bin": {
        "r_js": "bin/r.js",
        "r.js": "bin/r.js"
      },
      "engines": {
        "node": ">=0.4.0"
      }
    },
    "node_modules/textangularjs": {
      "version": "2.1.2",
      "resolved": "https://registry.npmjs.org/textangularjs/-/textangularjs-2.1.2.tgz",
      "integrity": "sha512-yQFHluXoXBUf/wUrRuuS1kc580TfFPj6eiUOdevBQ9rsntExqwRo7JPjTBPJcDwhqTs9SYIbYJXHj/R+tWZ4Ng==",
      "license": "MIT",
      "dependencies": {
        "rangy": "^1.3.0"
      }
    }
  }
}
