{
  "name": "opaladmin",
  "version": "0.13.0",
  "lockfileVersion": 3,
  "requires": true,
  "packages": {
    "": {
      "name": "opaladmin",
      "version": "0.13.0",
      "license": "ISC",
      "dependencies": {
        "angular": "npm:@xlts.dev/angular@1.9.6",
        "angular-animate": "npm:@xlts.dev/angular-animate@1.9.6",
        "angular-cookies": "npm:@xlts.dev/angular-cookies@1.9.6",
        "angular-route": "npm:@xlts.dev/angular-route@1.9.6",
        "angular-sanitize": "npm:@xlts.dev/angular-sanitize@1.9.6",
        "angular-translate": "2.19.1",
        "angular-translate-loader-static-files": "2.19.1",
        "angular-translate-loader-url": "2.19.1",
        "angular-ui-bootstrap": "2.5.6",
        "angular-ui-grid": "4.12.7",
        "angular-ui-router": "1.0.30",
        "angularjs-dropdown-multiselect": "2.0.0-beta.10",
        "bootstrap": "3.4.1",
        "crypto-js": "4.2.0",
        "firebase-admin": "^4.2.0",
        "fontawesome": "4.7.2",
        "jquery": "3.7.1",
        "moment": "2.29.4",
        "moment-timezone": "0.5.45",
        "multiple-date-picker": "^2.1.0",
        "ng-idle": "^1.3.2",
        "textangularjs": "^2.1.2"
      }
    },
    "node_modules/@types/jsonwebtoken": {
      "version": "7.2.8",
      "resolved": "https://registry.npmjs.org/@types/jsonwebtoken/-/jsonwebtoken-7.2.8.tgz",
      "integrity": "sha512-XENN3YzEB8D6TiUww0O8SRznzy1v+77lH7UmuN54xq/IHIsyWjWOzZuFFTtoiRuaE782uAoRwBe/wwow+vQXZw==",
      "dependencies": {
        "@types/node": "*"
      }
    },
    "node_modules/@types/node": {
      "version": "20.14.8",
      "resolved": "https://registry.npmjs.org/@types/node/-/node-20.14.8.tgz",
      "integrity": "sha512-DO+2/jZinXfROG7j7WKFn/3C6nFwxy2lLpgLjEXJz+0XKphZlTLJ14mo8Vfg8X5BWN6XjyESXq+LcYdT7tR3bA==",
      "dependencies": {
        "undici-types": "~5.26.4"
      }
    },
    "node_modules/@uirouter/core": {
      "version": "6.0.8",
      "resolved": "https://registry.npmjs.org/@uirouter/core/-/core-6.0.8.tgz",
      "integrity": "sha512-Gc/BAW47i4L54p8dqYCJJZuv2s3tqlXQ0fvl6Zp2xrblELPVfxmjnc0eurx3XwfQdaqm3T6uls6tQKkof/4QMw==",
      "engines": {
        "node": ">=4.0.0"
      }
    },
    "node_modules/angular": {
      "name": "@xlts.dev/angular",
      "version": "1.9.6",
      "resolved": "https://registry.xlts.dev/@xlts.dev/angular/-/angular-1.9.6.tgz",
      "integrity": "sha512-wRhp7/hGYHPhHD1AkB2cZD5jcGI3XWm4N5+F/Wy5KAacvtblGUkNs/NzGFQyRlEIsM54SQOireRTiksdfmCBfA==",
      "license": "SEE LICENSE IN LICENSE.md"
    },
    "node_modules/angular-animate": {
      "name": "@xlts.dev/angular-animate",
      "version": "1.9.6",
      "resolved": "https://registry.xlts.dev/@xlts.dev/angular-animate/-/angular-animate-1.9.6.tgz",
      "integrity": "sha512-NLcB0q99NyircD/b6LzZjMC3vFjgehJNklk0Qms5PIXz/1+NXMR2M5Tll4CDJsZrpqu0D+2CcNL0JKfqvt8B9g==",
      "license": "SEE LICENSE IN LICENSE.md"
    },
    "node_modules/angular-cookies": {
      "name": "@xlts.dev/angular-cookies",
      "version": "1.9.6",
      "resolved": "https://registry.xlts.dev/@xlts.dev/angular-cookies/-/angular-cookies-1.9.6.tgz",
      "integrity": "sha512-KhkNmVLBYBLGP+qeP+ddm7LNHjWWtGerWiX/8BCWGyi+nEX9vqP0cK5DTUU/23T7rtDWcndF6J6OAstRANo6Tw==",
      "license": "SEE LICENSE IN LICENSE.md"
    },
    "node_modules/angular-route": {
      "name": "@xlts.dev/angular-route",
      "version": "1.9.6",
      "resolved": "https://registry.xlts.dev/@xlts.dev/angular-route/-/angular-route-1.9.6.tgz",
      "integrity": "sha512-u945dxnfiqYYGTKjK3O3hPLW/1Hj/QTVaW72hDM5Ec5PI1N2BElAnzumy2QFbJtKPl/IacG7Y0v2DP+rt2mrmw==",
      "license": "SEE LICENSE IN LICENSE.md"
    },
    "node_modules/angular-sanitize": {
      "name": "@xlts.dev/angular-sanitize",
      "version": "1.9.6",
      "resolved": "https://registry.xlts.dev/@xlts.dev/angular-sanitize/-/angular-sanitize-1.9.6.tgz",
      "integrity": "sha512-/Ur0r6LnW1ltpsC6vQw1j7HrOX9Bg/hGk/CJpKzDwd7bQIjVz4HeJ//KDn8drd5lZCmdUXFii06F1Q31IRkjJw==",
      "license": "SEE LICENSE IN LICENSE.md"
    },
    "node_modules/angular-translate": {
      "version": "2.19.1",
      "resolved": "https://registry.npmjs.org/angular-translate/-/angular-translate-2.19.1.tgz",
      "integrity": "sha512-SrU40ndnL422vXiVoqVveCmSnCzMcIXxQgnl7Cv9krOKUg6B8KZK3ddYzidHR/rxVuySezYHNDgRvzQNKwAdNQ==",
      "deprecated": "Package no longer supported. Contact Support at https://www.npmjs.com/support for more info.",
      "dependencies": {
        "angular": "^1.8.0"
      },
      "engines": {
        "node": "*"
      }
    },
    "node_modules/angular-translate-loader-static-files": {
      "version": "2.19.1",
      "resolved": "https://registry.npmjs.org/angular-translate-loader-static-files/-/angular-translate-loader-static-files-2.19.1.tgz",
      "integrity": "sha512-gw4rps7lMaddrouhRUZh4GcWMKL52zzYbW/5YATfpoSrk8B+jxP8Q0BpmCBmXg79gvPsSQvt2DI/ygN91x7z0g==",
      "deprecated": "Package no longer supported. Contact Support at https://www.npmjs.com/support for more info.",
      "dependencies": {
        "angular-translate": "~2.19.1"
      }
    },
    "node_modules/angular-translate-loader-url": {
      "version": "2.19.1",
      "resolved": "https://registry.npmjs.org/angular-translate-loader-url/-/angular-translate-loader-url-2.19.1.tgz",
      "integrity": "sha512-tHU4HcqdlIp97wlloc++8aGFYognbpZ2C0Ip9AL2ngEYkpwnQeYwAf4iTcFW+++Jzw6TGoYo+31n0rvhVdaCsg==",
      "deprecated": "Package no longer supported. Contact Support at https://www.npmjs.com/support for more info.",
      "dependencies": {
        "angular-translate": "~2.19.1"
      }
    },
    "node_modules/angular-ui-bootstrap": {
      "version": "2.5.6",
      "resolved": "https://registry.npmjs.org/angular-ui-bootstrap/-/angular-ui-bootstrap-2.5.6.tgz",
      "integrity": "sha512-yzcHpPMLQl0232nDzm5P4iAFTFQ9dMw0QgFLuKYbDj9M0xJ62z0oudYD/Lvh1pWfRsukiytP4Xj6BHOSrSXP8A=="
    },
    "node_modules/angular-ui-grid": {
      "version": "4.12.7",
      "resolved": "https://registry.npmjs.org/angular-ui-grid/-/angular-ui-grid-4.12.7.tgz",
      "integrity": "sha512-l00dhM2/48xfnPcIaQZgxVoK4oAVA2erxHjjYke8Xli0Q06VYf/LJ41SQfNp3tGk7NCk2mBdSFD2GXfHakXHlA==",
      "dependencies": {
        "angular": ">=1.4.0"
      }
    },
    "node_modules/angular-ui-router": {
      "version": "1.0.30",
      "resolved": "https://registry.npmjs.org/angular-ui-router/-/angular-ui-router-1.0.30.tgz",
      "integrity": "sha512-8xMpxbOtCJbRnGR1fhbyZ5BhFXr3zs1L2ytXQiBACTJjot309QNFFCaWx0lDM2eVXp8qte4idigU9gwWdspmtQ==",
      "dependencies": {
        "@uirouter/core": "6.0.8"
      },
      "engines": {
        "node": ">=4.0.0"
      },
      "peerDependencies": {
        "angular": ">=1.2.0"
      }
    },
    "node_modules/angularjs-dropdown-multiselect": {
      "version": "2.0.0-beta.10",
      "resolved": "https://registry.npmjs.org/angularjs-dropdown-multiselect/-/angularjs-dropdown-multiselect-2.0.0-beta.10.tgz",
      "integrity": "sha512-dZosCLW0xO4s/yjGGShlBje/R+gPFjs5XO18XL6TujHSGr/Sq6I6snu28E5fLqdgGxYVfQn/yEXlM2n8QnM89Q==",
      "dependencies": {
        "angular": "~1"
      },
      "engines": {
        "node": ">=0.10.10"
      }
    },
    "node_modules/bootstrap": {
      "version": "3.4.1",
      "resolved": "https://registry.npmjs.org/bootstrap/-/bootstrap-3.4.1.tgz",
      "integrity": "sha512-yN5oZVmRCwe5aKwzRj6736nSmKDX7pLYwsXiCj/EYmo16hODaBiT4En5btW/jhBF/seV+XMx3aYwukYC3A49DA==",
      "engines": {
        "node": ">=6"
      }
    },
    "node_modules/buffer-equal-constant-time": {
      "version": "1.0.1",
      "resolved": "https://registry.npmjs.org/buffer-equal-constant-time/-/buffer-equal-constant-time-1.0.1.tgz",
      "integrity": "sha512-zRpUiDwd/xk6ADqPMATG8vc9VPrkck7T07OIx0gnjmJAnHnTVXNQG3vfvWNuiZIkwu9KrKdA1iJKfsfTVxE6NA=="
    },
    "node_modules/crypto-js": {
      "version": "4.2.0",
      "resolved": "https://registry.npmjs.org/crypto-js/-/crypto-js-4.2.0.tgz",
      "integrity": "sha512-KALDyEYgpY+Rlob/iriUtjV6d5Eq+Y191A5g4UqLAi8CyGP9N1+FdVbkc1SxKc2r4YAYqG8JzO2KGL+AizD70Q=="
    },
    "node_modules/ecdsa-sig-formatter": {
      "version": "1.0.11",
      "resolved": "https://registry.npmjs.org/ecdsa-sig-formatter/-/ecdsa-sig-formatter-1.0.11.tgz",
      "integrity": "sha512-nagl3RYrbNv6kQkeJIpt6NJZy8twLB/2vtz6yN9Z4vRKHN4/QZJIEbqohALSgwKdnksuY3k5Addp5lg8sVoVcQ==",
      "dependencies": {
        "safe-buffer": "^5.0.1"
      }
    },
    "node_modules/faye-websocket": {
      "version": "0.9.3",
      "resolved": "https://registry.npmjs.org/faye-websocket/-/faye-websocket-0.9.3.tgz",
      "integrity": "sha512-1nXODEWzxGS1MpN3PU1cKWwK49z+6Lyg3XNzv0GMXkyceLLEpdGMdWjZIimBhuBJ6iSXrX/30YHQ+B0YyMiHKQ==",
      "dependencies": {
        "websocket-driver": ">=0.5.1"
      },
      "engines": {
        "node": ">=0.4.0"
      }
    },
    "node_modules/firebase-admin": {
      "version": "4.2.1",
      "resolved": "https://registry.npmjs.org/firebase-admin/-/firebase-admin-4.2.1.tgz",
      "integrity": "sha512-h4uAg+XDY69h0bLbB6ySxslePneGR/7Ohvdk0GLRjyEYCOVeyHk+4Luamnn9snO9F+q6P7OPHLWh5D4r9eZK5g==",
      "dependencies": {
        "@types/jsonwebtoken": "^7.1.33",
        "faye-websocket": "0.9.3",
        "jsonwebtoken": "7.1.9"
      }
    },
    "node_modules/fontawesome": {
      "version": "4.7.2",
      "resolved": "https://registry.npmjs.org/fontawesome/-/fontawesome-4.7.2.tgz",
      "integrity": "sha512-q12j2297ekILefu0RSIpLCg9OvD1PwfTyNa9W+zJt8QkveIXGK4L6w9mReW0AA/iFM7ZAvnZqq4k4sUCvLDQgg=="
    },
    "node_modules/hoek": {
      "version": "2.16.3",
      "resolved": "https://registry.npmjs.org/hoek/-/hoek-2.16.3.tgz",
      "integrity": "sha512-V6Yw1rIcYV/4JsnggjBU0l4Kr+EXhpwqXRusENU1Xx6ro00IHPHYNynCuBTOZAPlr3AAmLvchH9I7N/VUdvOwQ==",
      "deprecated": "This version has been deprecated in accordance with the hapi support policy (hapi.im/support). Please upgrade to the latest version to get the best features, bug fixes, and security patches. If you are unable to upgrade at this time, paid support is available for older versions (hapi.im/commercial).",
      "engines": {
        "node": ">=0.10.40"
      }
    },
    "node_modules/http-parser-js": {
      "version": "0.5.8",
      "resolved": "https://registry.npmjs.org/http-parser-js/-/http-parser-js-0.5.8.tgz",
      "integrity": "sha512-SGeBX54F94Wgu5RH3X5jsDtf4eHyRogWX1XGT3b4HuW3tQPM4AaBzoUji/4AAJNXCEOWZ5O0DgZmJw1947gD5Q=="
    },
    "node_modules/isemail": {
      "version": "1.2.0",
      "resolved": "https://registry.npmjs.org/isemail/-/isemail-1.2.0.tgz",
      "integrity": "sha512-pZMb1rDrWRAPtVY92VCxWtF+1gExWrCnao+GL1EKHx6z19ovW+xNcnC1iNB7WkbSYWlyl3uwlaH5eaBx2s2crw==",
      "engines": {
        "node": ">=0.10"
      }
    },
    "node_modules/joi": {
      "version": "6.10.1",
      "resolved": "https://registry.npmjs.org/joi/-/joi-6.10.1.tgz",
      "integrity": "sha512-K6+OwGaWM1sBEu+XMbgC4zDmg6hnddS2DWiCVtjnhkcrzv+ejSfh7HGUsoxmWQkv6kHEsVFAywttfkpmIE2QwQ==",
      "deprecated": "This version has been deprecated in accordance with the hapi support policy (hapi.im/support). Please upgrade to the latest version to get the best features, bug fixes, and security patches. If you are unable to upgrade at this time, paid support is available for older versions (hapi.im/commercial).",
      "dependencies": {
        "hoek": "2.x.x",
        "isemail": "1.x.x",
        "moment": "2.x.x",
        "topo": "1.x.x"
      },
      "engines": {
        "node": ">=0.10.40",
        "npm": ">=2.0.0"
      }
    },
    "node_modules/jquery": {
      "version": "3.7.1",
      "resolved": "https://registry.npmjs.org/jquery/-/jquery-3.7.1.tgz",
      "integrity": "sha512-m4avr8yL8kmFN8psrbFFFmB/If14iN5o9nw/NgnnM+kybDJpRsAynV2BsfpTYrTRysYUdADVD7CkUUizgkpLfg=="
    },
    "node_modules/jsonwebtoken": {
      "version": "7.1.9",
      "resolved": "https://registry.npmjs.org/jsonwebtoken/-/jsonwebtoken-7.1.9.tgz",
      "integrity": "sha512-e/KWUs23F/CBl0aFrHoqjgNKP8uxcBTFynL5i69U7LNmVHX6R5myva27wc+ZFgFiAme4ma5Pb9y195MlFCCCIA==",
      "dependencies": {
        "joi": "^6.10.1",
        "jws": "^3.1.3",
        "lodash.once": "^4.0.0",
        "ms": "^0.7.1",
        "xtend": "^4.0.1"
      },
      "engines": {
        "node": ">=0.12",
        "npm": ">=1.4.28"
      }
    },
    "node_modules/jsonwebtoken/node_modules/ms": {
      "version": "0.7.3",
      "resolved": "https://registry.npmjs.org/ms/-/ms-0.7.3.tgz",
      "integrity": "sha512-lrKNzMWqQZgwJahtrtrM+9NgOoDUveDrVmm5aGXrf3BdtL0mq7X6IVzoZaw+TfNti29eHd1/8GI+h45K5cQ6/w=="
    },
    "node_modules/jwa": {
      "version": "1.4.1",
      "resolved": "https://registry.npmjs.org/jwa/-/jwa-1.4.1.tgz",
      "integrity": "sha512-qiLX/xhEEFKUAJ6FiBMbes3w9ATzyk5W7Hvzpa/SLYdxNtng+gcurvrI7TbACjIXlsJyr05/S1oUhZrc63evQA==",
      "dependencies": {
        "buffer-equal-constant-time": "1.0.1",
        "ecdsa-sig-formatter": "1.0.11",
        "safe-buffer": "^5.0.1"
      }
    },
    "node_modules/jws": {
      "version": "3.2.2",
      "resolved": "https://registry.npmjs.org/jws/-/jws-3.2.2.tgz",
      "integrity": "sha512-YHlZCB6lMTllWDtSPHz/ZXTsi8S00usEV6v1tjq8tOUZzw7DpSDWVXjXDre6ed1w/pd495ODpHZYSdkRTsa0HA==",
      "dependencies": {
        "jwa": "^1.4.1",
        "safe-buffer": "^5.0.1"
      }
    },
    "node_modules/lodash.once": {
      "version": "4.1.1",
      "resolved": "https://registry.npmjs.org/lodash.once/-/lodash.once-4.1.1.tgz",
      "integrity": "sha512-Sb487aTOCr9drQVL8pIxOzVhafOjZN9UU54hiN8PU3uAiSV7lx1yYNpbNmex2PK6dSJoNTSJUUswT651yww3Mg=="
    },
    "node_modules/moment": {
      "version": "2.29.4",
      "resolved": "https://registry.npmjs.org/moment/-/moment-2.29.4.tgz",
      "integrity": "sha512-5LC9SOxjSc2HF6vO2CyuTDNivEdoz2IvyJJGj6X8DJ0eFyfszE0QiEd+iXmBvUP3WHxSjFH/vIsA0EN00cgr8w==",
      "engines": {
        "node": "*"
      }
    },
    "node_modules/moment-timezone": {
      "version": "0.5.45",
      "resolved": "https://registry.npmjs.org/moment-timezone/-/moment-timezone-0.5.45.tgz",
      "integrity": "sha512-HIWmqA86KcmCAhnMAN0wuDOARV/525R2+lOLotuGFzn4HO+FH+/645z2wx0Dt3iDv6/p61SIvKnDstISainhLQ==",
      "dependencies": {
        "moment": "^2.29.4"
      },
      "engines": {
        "node": "*"
      }
    },
    "node_modules/multiple-date-picker": {
      "version": "2.1.6",
      "resolved": "https://registry.npmjs.org/multiple-date-picker/-/multiple-date-picker-2.1.6.tgz",
      "integrity": "sha512-oVe/P1AALGf82DInWYl087y1N49upn0pZdwGXYcJ8Be0YBwxWI/97QDbjxSyBDZK28ikbxetT8r+vbAM6sn3hg==",
      "dependencies": {
        "angular": "^1.X.X",
        "moment": "^2.X.X"
      },
      "engines": {
        "node": ">=0.10.0"
      }
    },
    "node_modules/ng-idle": {
      "version": "1.3.2",
      "resolved": "https://registry.npmjs.org/ng-idle/-/ng-idle-1.3.2.tgz",
      "integrity": "sha512-2rdaFiZpvZGbx900p0YECRGMU6+VuntgK8nWEaOAo5l/Q5xgCfzEmMnCrO5Tewoh8xMSqdqVccr9DFzOqG5MRg==",
      "dependencies": {
        "angular": "^1.2.0"
      }
    },
    "node_modules/rangy": {
      "version": "1.3.1",
      "resolved": "https://registry.npmjs.org/rangy/-/rangy-1.3.1.tgz",
      "integrity": "sha512-gfo1FOzdvcrcCR+wf0XMKPJBD3p2nHUw2wvNtuKsaHoI2dXQ9vH2QIpSQMV+mWLvKSqPfDNThhlyK8UN1hJijw=="
    },
    "node_modules/safe-buffer": {
      "version": "5.2.1",
      "resolved": "https://registry.npmjs.org/safe-buffer/-/safe-buffer-5.2.1.tgz",
      "integrity": "sha512-rp3So07KcdmmKbGvgaNxQSJr7bGVSVk5S9Eq1F+ppbRo70+YeaDxkw5Dd8NPN+GD6bjnYm2VuPuCXmpuYvmCXQ==",
      "funding": [
        {
          "type": "github",
          "url": "https://github.com/sponsors/feross"
        },
        {
          "type": "patreon",
          "url": "https://www.patreon.com/feross"
        },
        {
          "type": "consulting",
          "url": "https://feross.org/support"
        }
      ]
    },
    "node_modules/textangularjs": {
      "version": "2.1.2",
      "resolved": "https://registry.npmjs.org/textangularjs/-/textangularjs-2.1.2.tgz",
      "integrity": "sha512-yQFHluXoXBUf/wUrRuuS1kc580TfFPj6eiUOdevBQ9rsntExqwRo7JPjTBPJcDwhqTs9SYIbYJXHj/R+tWZ4Ng==",
      "dependencies": {
        "rangy": "^1.3.0"
      }
    },
    "node_modules/topo": {
      "version": "1.1.0",
      "resolved": "https://registry.npmjs.org/topo/-/topo-1.1.0.tgz",
      "integrity": "sha512-vpmONxdZoD0R3hzH0lovwv8QmsqZmGCDE1wXW9YGD/reiDOAbPKEgRDlBCAt8u8nJhav/s/I+r+1gvdpA11x7Q==",
      "deprecated": "This version has been deprecated in accordance with the hapi support policy (hapi.im/support). Please upgrade to the latest version to get the best features, bug fixes, and security patches. If you are unable to upgrade at this time, paid support is available for older versions (hapi.im/commercial).",
      "dependencies": {
        "hoek": "2.x.x"
      },
      "engines": {
        "node": ">=0.10.40"
      }
    },
    "node_modules/undici-types": {
      "version": "5.26.5",
      "resolved": "https://registry.npmjs.org/undici-types/-/undici-types-5.26.5.tgz",
      "integrity": "sha512-JlCMO+ehdEIKqlFxk6IfVoAUVmgz7cU7zD/h9XZ0qzeosSHmUJVOzSQvvYSYWXkFXC+IfLKSIffhv0sVZup6pA=="
    },
    "node_modules/websocket-driver": {
      "version": "0.7.4",
      "resolved": "https://registry.npmjs.org/websocket-driver/-/websocket-driver-0.7.4.tgz",
      "integrity": "sha512-b17KeDIQVjvb0ssuSDF2cYXSg2iztliJ4B9WdsuB6J952qCPKmnVq4DyW5motImXHDC1cBT/1UezrJVsKw5zjg==",
      "dependencies": {
        "http-parser-js": ">=0.5.1",
        "safe-buffer": ">=5.1.0",
        "websocket-extensions": ">=0.1.1"
      },
      "engines": {
        "node": ">=0.8.0"
      }
    },
    "node_modules/websocket-extensions": {
      "version": "0.1.4",
      "resolved": "https://registry.npmjs.org/websocket-extensions/-/websocket-extensions-0.1.4.tgz",
      "integrity": "sha512-OqedPIGOfsDlo31UNwYbCFMSaO9m9G/0faIHj5/dZFDMFqPTcx6UwqyOy3COEaEOg/9VsGIpdqn62W5KhoKSpg==",
      "engines": {
        "node": ">=0.8.0"
      }
    },
    "node_modules/xtend": {
      "version": "4.0.2",
      "resolved": "https://registry.npmjs.org/xtend/-/xtend-4.0.2.tgz",
      "integrity": "sha512-LKYU1iAXJXUgAXn9URjiu+MWhyUXHsvfp7mcuYm9dSUKK0/CjtrUwFAxD82/mCWbtLsGjFIad0wIsod4zrTAEQ==",
      "engines": {
        "node": ">=0.4"
      }
    }
  }
}
